{
  "requires": true,
  "lockfileVersion": 1,
  "dependencies": {
    "lottie-web": {
      "version": "5.7.13",
      "resolved": "https://registry.npmjs.org/lottie-web/-/lottie-web-5.7.13.tgz",
      "integrity": "sha512-6iy93BGPkdk39b0jRgJ8Zosxi8QqcMP5XcDvg1f0XAvEkke6EMCl6BUO4Lu78dpgvfG2tzut4QJ+0vCrfbrldQ=="
    }
  }
}
